
Microsoft Visual Studio Solution File, Format Version 12.00
# Visual Studio Version 16
VisualStudioVersion = 16.0.29519.181
MinimumVisualStudioVersion = 10.0.40219.1
Project("{8BC9CEB8-8B4A-11D0-8D11-00A0C91BC942}") = "SimpleMarshal", "SimpleMarshal.vcxproj", "{F9644468-2725-4370-AB78-7321F479CD26}"
EndProject
Project("{8BC9CEB8-8B4A-11D0-8D11-00A0C91BC942}") = "PersistStorage", "..\PersistStorage\PersistStorage.vcxproj", "{EB4D01E0-A815-4203-B70A-78230D076605}"
EndProject
Global
	GlobalSection(SolutionConfigurationPlatforms) = preSolution
		Debug|x64 = Debug|x64
		Debug|x86 = Debug|x86
		Release|x64 = Release|x64
		Release|x86 = Release|x86
	EndGlobalSection
	GlobalSection(ProjectConfigurationPlatforms) = postSolution
		{F9644468-2725-4370-AB78-7321F479CD26}.Debug|x64.ActiveCfg = Debug|x64
		{F9644468-2725-4370-AB78-7321F479CD26}.Debug|x64.Build.0 = Debug|x64
		{F9644468-2725-4370-AB78-7321F479CD26}.Debug|x86.ActiveCfg = Debug|Win32
		{F9644468-2725-4370-AB78-7321F479CD26}.Debug|x86.Build.0 = Debug|Win32
		{F9644468-2725-4370-AB78-7321F479CD26}.Release|x64.ActiveCfg = Release|x64
		{F9644468-2725-4370-AB78-7321F479CD26}.Release|x64.Build.0 = Release|x64
		{F9644468-2725-4370-AB78-7321F479CD26}.Release|x86.ActiveCfg = Release|Win32
		{F9644468-2725-4370-AB78-7321F479CD26}.Release|x86.Build.0 = Release|Win32
		{EB4D01E0-A815-4203-B70A-78230D076605}.Debug|x64.ActiveCfg = Debug|x64
		{EB4D01E0-A815-4203-B70A-78230D076605}.Debug|x64.Build.0 = Debug|x64
		{EB4D01E0-A815-4203-B70A-78230D076605}.Debug|x86.ActiveCfg = Debug|Win32
		{EB4D01E0-A815-4203-B70A-78230D076605}.Debug|x86.Build.0 = Debug|Win32
		{EB4D01E0-A815-4203-B70A-78230D076605}.Release|x64.ActiveCfg = Release|x64
		{EB4D01E0-A815-4203-B70A-78230D076605}.Release|x64.Build.0 = Release|x64
		{EB4D01E0-A815-4203-B70A-78230D076605}.Release|x86.ActiveCfg = Release|Win32
		{EB4D01E0-A815-4203-B70A-78230D076605}.Release|x86.Build.0 = Release|Win32
	EndGlobalSection
	GlobalSection(SolutionProperties) = preSolution
		HideSolutionNode = FALSE
	EndGlobalSection
	GlobalSection(ExtensibilityGlobals) = postSolution
		SolutionGuid = {88E28C2B-6751-4B1A-946D-AC9933D804E5}
	EndGlobalSection
EndGlobal
